{
  "object": {
    "pins": [
      {
        "package": "Alamofire",
        "repositoryURL": "https://github.com/Alamofire/Alamofire.git",
        "state": {
          "branch": null,
          "revision": "2cbf59935fbb1f26e352ce4db53f1cf9408d5313",
          "version": "5.0.0-rc.3"
        }
      },
      {
        "package": "EventSource",
        "repositoryURL": "https://github.com/Inaka/EventSource.git",
        "state": {
          "branch": "master",
          "revision": "78934b361891c7d0fa3d399d128e959f0c94d267",
          "version": null
        }
      },
      {
        "package": "Hippolyte",
        "repositoryURL": "https://github.com/JanGorman/Hippolyte.git",
        "state": {
          "branch": null,
          "revision": "215191ff9e13160333157900d7954ef62054d64e",
          "version": "1.1.0"
        }
      }
    ]
  },
  "version": 1
}
