// !$*UTF8*$!
{
	archiveVersion = 1;
	classes = {
	};
	objectVersion = 52;
	objects = {

/* Begin PBXBuildFile section */
		6521657E245C3F3F00983951 /* ColorExtension.swift in Sources */ = {isa = PBXBuildFile; fileRef = 65216572245C3F3F00983951 /* ColorExtension.swift */; };
		6521657F245C3F3F00983951 /* DateExtension.swift in Sources */ = {isa = PBXBuildFile; fileRef = 65216573245C3F3F00983951 /* DateExtension.swift */; };
		65216580245C3F3F00983951 /* CoordinateRegionExtension.swift in Sources */ = {isa = PBXBuildFile; fileRef = 65216574245C3F3F00983951 /* CoordinateRegionExtension.swift */; };
		65216581245C3F3F00983951 /* VejdirektoratetSDK.swift in Sources */ = {isa = PBXBuildFile; fileRef = 65216575245C3F3F00983951 /* VejdirektoratetSDK.swift */; };
		65216582245C3F3F00983951 /* HTTP.swift in Sources */ = {isa = PBXBuildFile; fileRef = 65216577245C3F3F00983951 /* HTTP.swift */; };
		65216583245C3F3F00983951 /* Feed.swift in Sources */ = {isa = PBXBuildFile; fileRef = 65216578245C3F3F00983951 /* Feed.swift */; };
		65216584245C3F3F00983951 /* BaseEntity.swift in Sources */ = {isa = PBXBuildFile; fileRef = 6521657A245C3F3F00983951 /* BaseEntity.swift */; };
		65216585245C3F3F00983951 /* ListEntity.swift in Sources */ = {isa = PBXBuildFile; fileRef = 6521657B245C3F3F00983951 /* ListEntity.swift */; };
		65216586245C3F3F00983951 /* MapEntity.swift in Sources */ = {isa = PBXBuildFile; fileRef = 6521657C245C3F3F00983951 /* MapEntity.swift */; };
		65216587245C3F3F00983951 /* EntityValidator.swift in Sources */ = {isa = PBXBuildFile; fileRef = 6521657D245C3F3F00983951 /* EntityValidator.swift */; };
		6521658A245C3F8C00983951 /* Alamofire in Frameworks */ = {isa = PBXBuildFile; productRef = 65216589245C3F8C00983951 /* Alamofire */; };
		6521658D245C3FA400983951 /* Hippolyte in Frameworks */ = {isa = PBXBuildFile; productRef = 6521658C245C3FA400983951 /* Hippolyte */; };
		652165D7245C41F100983951 /* libVejdirektoratetSDK.a in Frameworks */ = {isa = PBXBuildFile; fileRef = 6521654F245C3D9400983951 /* libVejdirektoratetSDK.a */; };
		652165EC245C435A00983951 /* BaseHttpTest.swift in Sources */ = {isa = PBXBuildFile; fileRef = 652165E5245C435A00983951 /* BaseHttpTest.swift */; };
		652165ED245C435A00983951 /* SingleEntityListTest.swift in Sources */ = {isa = PBXBuildFile; fileRef = 652165E6245C435A00983951 /* SingleEntityListTest.swift */; };
		652165EE245C435A00983951 /* HttpListTest.swift in Sources */ = {isa = PBXBuildFile; fileRef = 652165E7245C435A00983951 /* HttpListTest.swift */; };
		652165EF245C435A00983951 /* HttpMapTest.swift in Sources */ = {isa = PBXBuildFile; fileRef = 652165E8245C435A00983951 /* HttpMapTest.swift */; };
		652165F0245C435A00983951 /* MapEntityValidatorTest.swift in Sources */ = {isa = PBXBuildFile; fileRef = 652165E9245C435A00983951 /* MapEntityValidatorTest.swift */; };
		652165F1245C435A00983951 /* SingleEntityMapTest.swift in Sources */ = {isa = PBXBuildFile; fileRef = 652165EA245C435A00983951 /* SingleEntityMapTest.swift */; };
		652165F2245C435A00983951 /* ListEntityValidatorTest.swift in Sources */ = {isa = PBXBuildFile; fileRef = 652165EB245C435A00983951 /* ListEntityValidatorTest.swift */; };
/* End PBXBuildFile section */

/* Begin PBXContainerItemProxy section */
		652165D8245C41F100983951 /* PBXContainerItemProxy */ = {
			isa = PBXContainerItemProxy;
			containerPortal = 65216547245C3D9400983951 /* Project object */;
			proxyType = 1;
			remoteGlobalIDString = 6521654E245C3D9400983951;
			remoteInfo = VejdirektoratetSDK;
		};
/* End PBXContainerItemProxy section */

/* Begin PBXCopyFilesBuildPhase section */
		6521654D245C3D9400983951 /* CopyFiles */ = {
			isa = PBXCopyFilesBuildPhase;
			buildActionMask = 2147483647;
			dstPath = "include/$(PRODUCT_NAME)";
			dstSubfolderSpec = 16;
			files = (
			);
			runOnlyForDeploymentPostprocessing = 0;
		};
/* End PBXCopyFilesBuildPhase section */

/* Begin PBXFileReference section */
		6521654F245C3D9400983951 /* libVejdirektoratetSDK.a */ = {isa = PBXFileReference; explicitFileType = archive.ar; includeInIndex = 0; path = libVejdirektoratetSDK.a; sourceTree = BUILT_PRODUCTS_DIR; };
		65216570245C3F3F00983951 /* VejdirektoratetSDK.h */ = {isa = PBXFileReference; fileEncoding = 4; lastKnownFileType = sourcecode.c.h; path = VejdirektoratetSDK.h; sourceTree = "<group>"; };
		65216572245C3F3F00983951 /* ColorExtension.swift */ = {isa = PBXFileReference; fileEncoding = 4; lastKnownFileType = sourcecode.swift; path = ColorExtension.swift; sourceTree = "<group>"; };
		65216573245C3F3F00983951 /* DateExtension.swift */ = {isa = PBXFileReference; fileEncoding = 4; lastKnownFileType = sourcecode.swift; path = DateExtension.swift; sourceTree = "<group>"; };
		65216574245C3F3F00983951 /* CoordinateRegionExtension.swift */ = {isa = PBXFileReference; fileEncoding = 4; lastKnownFileType = sourcecode.swift; path = CoordinateRegionExtension.swift; sourceTree = "<group>"; };
		65216575245C3F3F00983951 /* VejdirektoratetSDK.swift */ = {isa = PBXFileReference; fileEncoding = 4; lastKnownFileType = sourcecode.swift; path = VejdirektoratetSDK.swift; sourceTree = "<group>"; };
		65216577245C3F3F00983951 /* HTTP.swift */ = {isa = PBXFileReference; fileEncoding = 4; lastKnownFileType = sourcecode.swift; path = HTTP.swift; sourceTree = "<group>"; };
		65216578245C3F3F00983951 /* Feed.swift */ = {isa = PBXFileReference; fileEncoding = 4; lastKnownFileType = sourcecode.swift; path = Feed.swift; sourceTree = "<group>"; };
		6521657A245C3F3F00983951 /* BaseEntity.swift */ = {isa = PBXFileReference; fileEncoding = 4; lastKnownFileType = sourcecode.swift; path = BaseEntity.swift; sourceTree = "<group>"; };
		6521657B245C3F3F00983951 /* ListEntity.swift */ = {isa = PBXFileReference; fileEncoding = 4; lastKnownFileType = sourcecode.swift; path = ListEntity.swift; sourceTree = "<group>"; };
		6521657C245C3F3F00983951 /* MapEntity.swift */ = {isa = PBXFileReference; fileEncoding = 4; lastKnownFileType = sourcecode.swift; path = MapEntity.swift; sourceTree = "<group>"; };
		6521657D245C3F3F00983951 /* EntityValidator.swift */ = {isa = PBXFileReference; fileEncoding = 4; lastKnownFileType = sourcecode.swift; path = EntityValidator.swift; sourceTree = "<group>"; };
		652165D2245C41F100983951 /* Tests.xctest */ = {isa = PBXFileReference; explicitFileType = wrapper.cfbundle; includeInIndex = 0; path = Tests.xctest; sourceTree = BUILT_PRODUCTS_DIR; };
		652165D6245C41F100983951 /* Info.plist */ = {isa = PBXFileReference; lastKnownFileType = text.plist.xml; path = Info.plist; sourceTree = "<group>"; };
		652165E5245C435A00983951 /* BaseHttpTest.swift */ = {isa = PBXFileReference; fileEncoding = 4; lastKnownFileType = sourcecode.swift; path = BaseHttpTest.swift; sourceTree = "<group>"; };
		652165E6245C435A00983951 /* SingleEntityListTest.swift */ = {isa = PBXFileReference; fileEncoding = 4; lastKnownFileType = sourcecode.swift; path = SingleEntityListTest.swift; sourceTree = "<group>"; };
		652165E7245C435A00983951 /* HttpListTest.swift */ = {isa = PBXFileReference; fileEncoding = 4; lastKnownFileType = sourcecode.swift; path = HttpListTest.swift; sourceTree = "<group>"; };
		652165E8245C435A00983951 /* HttpMapTest.swift */ = {isa = PBXFileReference; fileEncoding = 4; lastKnownFileType = sourcecode.swift; path = HttpMapTest.swift; sourceTree = "<group>"; };
		652165E9245C435A00983951 /* MapEntityValidatorTest.swift */ = {isa = PBXFileReference; fileEncoding = 4; lastKnownFileType = sourcecode.swift; path = MapEntityValidatorTest.swift; sourceTree = "<group>"; };
		652165EA245C435A00983951 /* SingleEntityMapTest.swift */ = {isa = PBXFileReference; fileEncoding = 4; lastKnownFileType = sourcecode.swift; path = SingleEntityMapTest.swift; sourceTree = "<group>"; };
		652165EB245C435A00983951 /* ListEntityValidatorTest.swift */ = {isa = PBXFileReference; fileEncoding = 4; lastKnownFileType = sourcecode.swift; path = ListEntityValidatorTest.swift; sourceTree = "<group>"; };
/* End PBXFileReference section */

/* Begin PBXFrameworksBuildPhase section */
		6521654C245C3D9400983951 /* Frameworks */ = {
			isa = PBXFrameworksBuildPhase;
			buildActionMask = 2147483647;
			files = (
				6521658A245C3F8C00983951 /* Alamofire in Frameworks */,
				6521658D245C3FA400983951 /* Hippolyte in Frameworks */,
			);
			runOnlyForDeploymentPostprocessing = 0;
		};
		652165CF245C41F100983951 /* Frameworks */ = {
			isa = PBXFrameworksBuildPhase;
			buildActionMask = 2147483647;
			files = (
				652165D7245C41F100983951 /* libVejdirektoratetSDK.a in Frameworks */,
			);
			runOnlyForDeploymentPostprocessing = 0;
		};
/* End PBXFrameworksBuildPhase section */

/* Begin PBXGroup section */
		65216546245C3D9400983951 = {
			isa = PBXGroup;
			children = (
				6521656E245C3F3F00983951 /* Sources */,
				652165D3245C41F100983951 /* Tests */,
				65216550245C3D9400983951 /* Products */,
			);
			sourceTree = "<group>";
		};
		65216550245C3D9400983951 /* Products */ = {
			isa = PBXGroup;
			children = (
				6521654F245C3D9400983951 /* libVejdirektoratetSDK.a */,
				652165D2245C41F100983951 /* Tests.xctest */,
			);
			name = Products;
			sourceTree = "<group>";
		};
		6521656E245C3F3F00983951 /* Sources */ = {
			isa = PBXGroup;
			children = (
				6521656F245C3F3F00983951 /* VejdirektoratetSDK */,
			);
			path = Sources;
			sourceTree = "<group>";
		};
		6521656F245C3F3F00983951 /* VejdirektoratetSDK */ = {
			isa = PBXGroup;
			children = (
				65216570245C3F3F00983951 /* VejdirektoratetSDK.h */,
				65216575245C3F3F00983951 /* VejdirektoratetSDK.swift */,
				65216571245C3F3F00983951 /* Util */,
				65216576245C3F3F00983951 /* Feed */,
				65216579245C3F3F00983951 /* Model */,
			);
			path = VejdirektoratetSDK;
			sourceTree = "<group>";
		};
		65216571245C3F3F00983951 /* Util */ = {
			isa = PBXGroup;
			children = (
				65216572245C3F3F00983951 /* ColorExtension.swift */,
				65216573245C3F3F00983951 /* DateExtension.swift */,
				65216574245C3F3F00983951 /* CoordinateRegionExtension.swift */,
			);
			path = Util;
			sourceTree = "<group>";
		};
		65216576245C3F3F00983951 /* Feed */ = {
			isa = PBXGroup;
			children = (
				65216577245C3F3F00983951 /* HTTP.swift */,
				65216578245C3F3F00983951 /* Feed.swift */,
			);
			path = Feed;
			sourceTree = "<group>";
		};
		65216579245C3F3F00983951 /* Model */ = {
			isa = PBXGroup;
			children = (
				6521657A245C3F3F00983951 /* BaseEntity.swift */,
				6521657B245C3F3F00983951 /* ListEntity.swift */,
				6521657C245C3F3F00983951 /* MapEntity.swift */,
				6521657D245C3F3F00983951 /* EntityValidator.swift */,
			);
			path = Model;
			sourceTree = "<group>";
		};
		652165D3245C41F100983951 /* Tests */ = {
			isa = PBXGroup;
			children = (
				652165E4245C435A00983951 /* VejdirektoratetSDKTests */,
				652165D6245C41F100983951 /* Info.plist */,
			);
			path = Tests;
			sourceTree = "<group>";
		};
		652165E4245C435A00983951 /* VejdirektoratetSDKTests */ = {
			isa = PBXGroup;
			children = (
				652165E5245C435A00983951 /* BaseHttpTest.swift */,
				652165E6245C435A00983951 /* SingleEntityListTest.swift */,
				652165E7245C435A00983951 /* HttpListTest.swift */,
				652165E8245C435A00983951 /* HttpMapTest.swift */,
				652165E9245C435A00983951 /* MapEntityValidatorTest.swift */,
				652165EA245C435A00983951 /* SingleEntityMapTest.swift */,
				652165EB245C435A00983951 /* ListEntityValidatorTest.swift */,
			);
			path = VejdirektoratetSDKTests;
			sourceTree = "<group>";
		};
/* End PBXGroup section */

/* Begin PBXNativeTarget section */
		6521654E245C3D9400983951 /* VejdirektoratetSDK */ = {
			isa = PBXNativeTarget;
			buildConfigurationList = 65216556245C3D9400983951 /* Build configuration list for PBXNativeTarget "VejdirektoratetSDK" */;
			buildPhases = (
				6521654B245C3D9400983951 /* Sources */,
				6521654C245C3D9400983951 /* Frameworks */,
				6521654D245C3D9400983951 /* CopyFiles */,
			);
			buildRules = (
			);
			dependencies = (
			);
			name = VejdirektoratetSDK;
			packageProductDependencies = (
				65216589245C3F8C00983951 /* Alamofire */,
				6521658C245C3FA400983951 /* Hippolyte */,
			);
			productName = VejdirektoratetSDK;
			productReference = 6521654F245C3D9400983951 /* libVejdirektoratetSDK.a */;
			productType = "com.apple.product-type.library.static";
		};
		652165D1245C41F100983951 /* Tests */ = {
			isa = PBXNativeTarget;
			buildConfigurationList = 652165DA245C41F100983951 /* Build configuration list for PBXNativeTarget "Tests" */;
			buildPhases = (
				652165CE245C41F100983951 /* Sources */,
				652165CF245C41F100983951 /* Frameworks */,
				652165D0245C41F100983951 /* Resources */,
			);
			buildRules = (
			);
			dependencies = (
				652165D9245C41F100983951 /* PBXTargetDependency */,
			);
			name = Tests;
			productName = Tests;
			productReference = 652165D2245C41F100983951 /* Tests.xctest */;
			productType = "com.apple.product-type.bundle.unit-test";
		};
/* End PBXNativeTarget section */

/* Begin PBXProject section */
		65216547245C3D9400983951 /* Project object */ = {
			isa = PBXProject;
			attributes = {
				LastSwiftUpdateCheck = 1120;
				LastUpgradeCheck = 1120;
				ORGANIZATIONNAME = Vejdirektoratet;
				TargetAttributes = {
					6521654E245C3D9400983951 = {
						CreatedOnToolsVersion = 11.2.1;
					};
					652165D1245C41F100983951 = {
						CreatedOnToolsVersion = 11.2.1;
					};
				};
			};
			buildConfigurationList = 6521654A245C3D9400983951 /* Build configuration list for PBXProject "VejdirektoratetSDK" */;
			compatibilityVersion = "Xcode 9.3";
			developmentRegion = en;
			hasScannedForEncodings = 0;
			knownRegions = (
				en,
				Base,
			);
			mainGroup = 65216546245C3D9400983951;
			packageReferences = (
				65216588245C3F8C00983951 /* XCRemoteSwiftPackageReference "Alamofire" */,
				6521658B245C3FA400983951 /* XCRemoteSwiftPackageReference "Hippolyte" */,
			);
			productRefGroup = 65216550245C3D9400983951 /* Products */;
			projectDirPath = "";
			projectRoot = "";
			targets = (
				6521654E245C3D9400983951 /* VejdirektoratetSDK */,
				652165D1245C41F100983951 /* Tests */,
			);
		};
/* End PBXProject section */

/* Begin PBXResourcesBuildPhase section */
		652165D0245C41F100983951 /* Resources */ = {
			isa = PBXResourcesBuildPhase;
			buildActionMask = 2147483647;
			files = (
			);
			runOnlyForDeploymentPostprocessing = 0;
		};
/* End PBXResourcesBuildPhase section */

/* Begin PBXSourcesBuildPhase section */
		6521654B245C3D9400983951 /* Sources */ = {
			isa = PBXSourcesBuildPhase;
			buildActionMask = 2147483647;
			files = (
				65216582245C3F3F00983951 /* HTTP.swift in Sources */,
				65216587245C3F3F00983951 /* EntityValidator.swift in Sources */,
				65216586245C3F3F00983951 /* MapEntity.swift in Sources */,
				65216583245C3F3F00983951 /* Feed.swift in Sources */,
				65216584245C3F3F00983951 /* BaseEntity.swift in Sources */,
				65216581245C3F3F00983951 /* VejdirektoratetSDK.swift in Sources */,
				65216585245C3F3F00983951 /* ListEntity.swift in Sources */,
				6521657E245C3F3F00983951 /* ColorExtension.swift in Sources */,
				6521657F245C3F3F00983951 /* DateExtension.swift in Sources */,
				65216580245C3F3F00983951 /* CoordinateRegionExtension.swift in Sources */,
			);
			runOnlyForDeploymentPostprocessing = 0;
		};
		652165CE245C41F100983951 /* Sources */ = {
			isa = PBXSourcesBuildPhase;
			buildActionMask = 2147483647;
			files = (
				652165EE245C435A00983951 /* HttpListTest.swift in Sources */,
				652165ED245C435A00983951 /* SingleEntityListTest.swift in Sources */,
				652165F0245C435A00983951 /* MapEntityValidatorTest.swift in Sources */,
				652165F1245C435A00983951 /* SingleEntityMapTest.swift in Sources */,
				652165F2245C435A00983951 /* ListEntityValidatorTest.swift in Sources */,
				652165EF245C435A00983951 /* HttpMapTest.swift in Sources */,
				652165EC245C435A00983951 /* BaseHttpTest.swift in Sources */,
			);
			runOnlyForDeploymentPostprocessing = 0;
		};
/* End PBXSourcesBuildPhase section */

/* Begin PBXTargetDependency section */
		652165D9245C41F100983951 /* PBXTargetDependency */ = {
			isa = PBXTargetDependency;
			target = 6521654E245C3D9400983951 /* VejdirektoratetSDK */;
			targetProxy = 652165D8245C41F100983951 /* PBXContainerItemProxy */;
		};
/* End PBXTargetDependency section */

/* Begin XCBuildConfiguration section */
		65216554245C3D9400983951 /* Debug */ = {
			isa = XCBuildConfiguration;
			buildSettings = {
				ALWAYS_SEARCH_USER_PATHS = NO;
				CLANG_ANALYZER_NONNULL = YES;
				CLANG_ANALYZER_NUMBER_OBJECT_CONVERSION = YES_AGGRESSIVE;
				CLANG_CXX_LANGUAGE_STANDARD = "gnu++14";
				CLANG_CXX_LIBRARY = "libc++";
				CLANG_ENABLE_MODULES = YES;
				CLANG_ENABLE_OBJC_ARC = YES;
				CLANG_ENABLE_OBJC_WEAK = YES;
				CLANG_WARN_BLOCK_CAPTURE_AUTORELEASING = YES;
				CLANG_WARN_BOOL_CONVERSION = YES;
				CLANG_WARN_COMMA = YES;
				CLANG_WARN_CONSTANT_CONVERSION = YES;
				CLANG_WARN_DEPRECATED_OBJC_IMPLEMENTATIONS = YES;
				CLANG_WARN_DIRECT_OBJC_ISA_USAGE = YES_ERROR;
				CLANG_WARN_DOCUMENTATION_COMMENTS = YES;
				CLANG_WARN_EMPTY_BODY = YES;
				CLANG_WARN_ENUM_CONVERSION = YES;
				CLANG_WARN_INFINITE_RECURSION = YES;
				CLANG_WARN_INT_CONVERSION = YES;
				CLANG_WARN_NON_LITERAL_NULL_CONVERSION = YES;
				CLANG_WARN_OBJC_IMPLICIT_RETAIN_SELF = YES;
				CLANG_WARN_OBJC_LITERAL_CONVERSION = YES;
				CLANG_WARN_OBJC_ROOT_CLASS = YES_ERROR;
				CLANG_WARN_RANGE_LOOP_ANALYSIS = YES;
				CLANG_WARN_STRICT_PROTOTYPES = YES;
				CLANG_WARN_SUSPICIOUS_MOVE = YES;
				CLANG_WARN_UNGUARDED_AVAILABILITY = YES_AGGRESSIVE;
				CLANG_WARN_UNREACHABLE_CODE = YES;
				CLANG_WARN__DUPLICATE_METHOD_MATCH = YES;
				COPY_PHASE_STRIP = NO;
				DEBUG_INFORMATION_FORMAT = dwarf;
				ENABLE_STRICT_OBJC_MSGSEND = YES;
				ENABLE_TESTABILITY = YES;
				GCC_C_LANGUAGE_STANDARD = gnu11;
				GCC_DYNAMIC_NO_PIC = NO;
				GCC_NO_COMMON_BLOCKS = YES;
				GCC_OPTIMIZATION_LEVEL = 0;
				GCC_PREPROCESSOR_DEFINITIONS = (
					"DEBUG=1",
					"$(inherited)",
				);
				GCC_WARN_64_TO_32_BIT_CONVERSION = YES;
				GCC_WARN_ABOUT_RETURN_TYPE = YES_ERROR;
				GCC_WARN_UNDECLARED_SELECTOR = YES;
				GCC_WARN_UNINITIALIZED_AUTOS = YES_AGGRESSIVE;
				GCC_WARN_UNUSED_FUNCTION = YES;
				GCC_WARN_UNUSED_VARIABLE = YES;
				IPHONEOS_DEPLOYMENT_TARGET = 13.2;
				MTL_ENABLE_DEBUG_INFO = INCLUDE_SOURCE;
				MTL_FAST_MATH = YES;
				ONLY_ACTIVE_ARCH = YES;
				SDKROOT = iphoneos;
				SWIFT_ACTIVE_COMPILATION_CONDITIONS = DEBUG;
				SWIFT_OPTIMIZATION_LEVEL = "-Onone";
			};
			name = Debug;
		};
		65216555245C3D9400983951 /* Release */ = {
			isa = XCBuildConfiguration;
			buildSettings = {
				ALWAYS_SEARCH_USER_PATHS = NO;
				CLANG_ANALYZER_NONNULL = YES;
				CLANG_ANALYZER_NUMBER_OBJECT_CONVERSION = YES_AGGRESSIVE;
				CLANG_CXX_LANGUAGE_STANDARD = "gnu++14";
				CLANG_CXX_LIBRARY = "libc++";
				CLANG_ENABLE_MODULES = YES;
				CLANG_ENABLE_OBJC_ARC = YES;
				CLANG_ENABLE_OBJC_WEAK = YES;
				CLANG_WARN_BLOCK_CAPTURE_AUTORELEASING = YES;
				CLANG_WARN_BOOL_CONVERSION = YES;
				CLANG_WARN_COMMA = YES;
				CLANG_WARN_CONSTANT_CONVERSION = YES;
				CLANG_WARN_DEPRECATED_OBJC_IMPLEMENTATIONS = YES;
				CLANG_WARN_DIRECT_OBJC_ISA_USAGE = YES_ERROR;
				CLANG_WARN_DOCUMENTATION_COMMENTS = YES;
				CLANG_WARN_EMPTY_BODY = YES;
				CLANG_WARN_ENUM_CONVERSION = YES;
				CLANG_WARN_INFINITE_RECURSION = YES;
				CLANG_WARN_INT_CONVERSION = YES;
				CLANG_WARN_NON_LITERAL_NULL_CONVERSION = YES;
				CLANG_WARN_OBJC_IMPLICIT_RETAIN_SELF = YES;
				CLANG_WARN_OBJC_LITERAL_CONVERSION = YES;
				CLANG_WARN_OBJC_ROOT_CLASS = YES_ERROR;
				CLANG_WARN_RANGE_LOOP_ANALYSIS = YES;
				CLANG_WARN_STRICT_PROTOTYPES = YES;
				CLANG_WARN_SUSPICIOUS_MOVE = YES;
				CLANG_WARN_UNGUARDED_AVAILABILITY = YES_AGGRESSIVE;
				CLANG_WARN_UNREACHABLE_CODE = YES;
				CLANG_WARN__DUPLICATE_METHOD_MATCH = YES;
				COPY_PHASE_STRIP = NO;
				DEBUG_INFORMATION_FORMAT = "dwarf-with-dsym";
				ENABLE_NS_ASSERTIONS = NO;
				ENABLE_STRICT_OBJC_MSGSEND = YES;
				GCC_C_LANGUAGE_STANDARD = gnu11;
				GCC_NO_COMMON_BLOCKS = YES;
				GCC_WARN_64_TO_32_BIT_CONVERSION = YES;
				GCC_WARN_ABOUT_RETURN_TYPE = YES_ERROR;
				GCC_WARN_UNDECLARED_SELECTOR = YES;
				GCC_WARN_UNINITIALIZED_AUTOS = YES_AGGRESSIVE;
				GCC_WARN_UNUSED_FUNCTION = YES;
				GCC_WARN_UNUSED_VARIABLE = YES;
				IPHONEOS_DEPLOYMENT_TARGET = 13.2;
				MTL_ENABLE_DEBUG_INFO = NO;
				MTL_FAST_MATH = YES;
				SDKROOT = iphoneos;
				SWIFT_COMPILATION_MODE = wholemodule;
				SWIFT_OPTIMIZATION_LEVEL = "-O";
				VALIDATE_PRODUCT = YES;
			};
			name = Release;
		};
		65216557245C3D9400983951 /* Debug */ = {
			isa = XCBuildConfiguration;
			buildSettings = {
				CODE_SIGN_STYLE = Automatic;
				DEVELOPMENT_TEAM = 8BB5CXQN82;
				OTHER_LDFLAGS = "-ObjC";
				PRODUCT_NAME = "$(TARGET_NAME)";
				SKIP_INSTALL = YES;
				SWIFT_VERSION = 5.0;
				TARGETED_DEVICE_FAMILY = "1,2";
			};
			name = Debug;
		};
		65216558245C3D9400983951 /* Release */ = {
			isa = XCBuildConfiguration;
			buildSettings = {
				CODE_SIGN_STYLE = Automatic;
				DEVELOPMENT_TEAM = 8BB5CXQN82;
				OTHER_LDFLAGS = "-ObjC";
				PRODUCT_NAME = "$(TARGET_NAME)";
				SKIP_INSTALL = YES;
				SWIFT_VERSION = 5.0;
				TARGETED_DEVICE_FAMILY = "1,2";
			};
			name = Release;
		};
		652165DB245C41F100983951 /* Debug */ = {
			isa = XCBuildConfiguration;
			buildSettings = {
				CODE_SIGN_STYLE = Automatic;
				DEVELOPMENT_TEAM = 8BB5CXQN82;
				INFOPLIST_FILE = Tests/Info.plist;
				LD_RUNPATH_SEARCH_PATHS = (
					"$(inherited)",
					"@executable_path/Frameworks",
					"@loader_path/Frameworks",
				);
				PRODUCT_BUNDLE_IDENTIFIER = dk.vejdirektoratet.Tests;
				PRODUCT_NAME = "$(TARGET_NAME)";
				SWIFT_VERSION = 5.0;
				TARGETED_DEVICE_FAMILY = "1,2";
			};
			name = Debug;
		};
		652165DC245C41F100983951 /* Release */ = {
			isa = XCBuildConfiguration;
			buildSettings = {
				CODE_SIGN_STYLE = Automatic;
				DEVELOPMENT_TEAM = 8BB5CXQN82;
				INFOPLIST_FILE = Tests/Info.plist;
				LD_RUNPATH_SEARCH_PATHS = (
					"$(inherited)",
					"@executable_path/Frameworks",
					"@loader_path/Frameworks",
				);
				PRODUCT_BUNDLE_IDENTIFIER = dk.vejdirektoratet.Tests;
				PRODUCT_NAME = "$(TARGET_NAME)";
				SWIFT_VERSION = 5.0;
				TARGETED_DEVICE_FAMILY = "1,2";
			};
			name = Release;
		};
/* End XCBuildConfiguration section */

/* Begin XCConfigurationList section */
		6521654A245C3D9400983951 /* Build configuration list for PBXProject "VejdirektoratetSDK" */ = {
			isa = XCConfigurationList;
			buildConfigurations = (
				65216554245C3D9400983951 /* Debug */,
				65216555245C3D9400983951 /* Release */,
			);
			defaultConfigurationIsVisible = 0;
			defaultConfigurationName = Release;
		};
		65216556245C3D9400983951 /* Build configuration list for PBXNativeTarget "VejdirektoratetSDK" */ = {
			isa = XCConfigurationList;
			buildConfigurations = (
				65216557245C3D9400983951 /* Debug */,
				65216558245C3D9400983951 /* Release */,
			);
			defaultConfigurationIsVisible = 0;
			defaultConfigurationName = Release;
		};
		652165DA245C41F100983951 /* Build configuration list for PBXNativeTarget "Tests" */ = {
			isa = XCConfigurationList;
			buildConfigurations = (
				652165DB245C41F100983951 /* Debug */,
				652165DC245C41F100983951 /* Release */,
			);
			defaultConfigurationIsVisible = 0;
			defaultConfigurationName = Release;
		};
/* End XCConfigurationList section */

/* Begin XCRemoteSwiftPackageReference section */
		65216588245C3F8C00983951 /* XCRemoteSwiftPackageReference "Alamofire" */ = {
			isa = XCRemoteSwiftPackageReference;
			repositoryURL = "https://github.com/Alamofire/Alamofire";
			requirement = {
				kind = upToNextMajorVersion;
				minimumVersion = 5.1.0;
			};
		};
		6521658B245C3FA400983951 /* XCRemoteSwiftPackageReference "Hippolyte" */ = {
			isa = XCRemoteSwiftPackageReference;
			repositoryURL = "https://github.com/JanGorman/Hippolyte";
			requirement = {
				kind = upToNextMajorVersion;
				minimumVersion = 1.2.1;
			};
		};
/* End XCRemoteSwiftPackageReference section */

/* Begin XCSwiftPackageProductDependency section */
		65216589245C3F8C00983951 /* Alamofire */ = {
			isa = XCSwiftPackageProductDependency;
			package = 65216588245C3F8C00983951 /* XCRemoteSwiftPackageReference "Alamofire" */;
			productName = Alamofire;
		};
		6521658C245C3FA400983951 /* Hippolyte */ = {
			isa = XCSwiftPackageProductDependency;
			package = 6521658B245C3FA400983951 /* XCRemoteSwiftPackageReference "Hippolyte" */;
			productName = Hippolyte;
		};
/* End XCSwiftPackageProductDependency section */
	};
	rootObject = 65216547245C3D9400983951 /* Project object */;
}
