// !$*UTF8*$!
{
	archiveVersion = 1;
	classes = {
	};
	objectVersion = 52;
	objects = {

/* Begin PBXBuildFile section */
		65276BDD23C604DE002C1D0A /* VejdirektoratetSDK in Frameworks */ = {isa = PBXBuildFile; productRef = 65276BDC23C604DE002C1D0A /* VejdirektoratetSDK */; };
		654ED9972321013500515C4C /* AppDelegate.swift in Sources */ = {isa = PBXBuildFile; fileRef = 654ED9962321013500515C4C /* AppDelegate.swift */; };
		654ED9992321013500515C4C /* MapViewController.swift in Sources */ = {isa = PBXBuildFile; fileRef = 654ED9982321013500515C4C /* MapViewController.swift */; };
		654ED99C2321013500515C4C /* Main.storyboard in Resources */ = {isa = PBXBuildFile; fileRef = 654ED99A2321013500515C4C /* Main.storyboard */; };
		654ED99E2321013600515C4C /* Assets.xcassets in Resources */ = {isa = PBXBuildFile; fileRef = 654ED99D2321013600515C4C /* Assets.xcassets */; };
		654ED9A12321013600515C4C /* LaunchScreen.storyboard in Resources */ = {isa = PBXBuildFile; fileRef = 654ED99F2321013600515C4C /* LaunchScreen.storyboard */; };
		6552136A23867E60000176D9 /* ImageExtension.swift in Sources */ = {isa = PBXBuildFile; fileRef = 6552136923867E60000176D9 /* ImageExtension.swift */; };
		6552136F238E62C9000176D9 /* input.xcfilelist in Resources */ = {isa = PBXBuildFile; fileRef = 6552136E238E62C9000176D9 /* input.xcfilelist */; };
		65521371238E62EC000176D9 /* output.xcfilelist in Resources */ = {isa = PBXBuildFile; fileRef = 65521370238E62EC000176D9 /* output.xcfilelist */; };
		657A268823C4A7B500D2FAC4 /* EntityViewController.swift in Sources */ = {isa = PBXBuildFile; fileRef = 657A268723C4A7B500D2FAC4 /* EntityViewController.swift */; };
/* End PBXBuildFile section */

/* Begin PBXFileReference section */
		654ED9932321013500515C4C /* Examples.app */ = {isa = PBXFileReference; explicitFileType = wrapper.application; includeInIndex = 0; path = Examples.app; sourceTree = BUILT_PRODUCTS_DIR; };
		654ED9962321013500515C4C /* AppDelegate.swift */ = {isa = PBXFileReference; lastKnownFileType = sourcecode.swift; path = AppDelegate.swift; sourceTree = "<group>"; };
		654ED9982321013500515C4C /* MapViewController.swift */ = {isa = PBXFileReference; lastKnownFileType = sourcecode.swift; path = MapViewController.swift; sourceTree = "<group>"; };
		654ED99B2321013500515C4C /* Base */ = {isa = PBXFileReference; lastKnownFileType = file.storyboard; name = Base; path = Base.lproj/Main.storyboard; sourceTree = "<group>"; };
		654ED99D2321013600515C4C /* Assets.xcassets */ = {isa = PBXFileReference; lastKnownFileType = folder.assetcatalog; path = Assets.xcassets; sourceTree = "<group>"; };
		654ED9A02321013600515C4C /* Base */ = {isa = PBXFileReference; lastKnownFileType = file.storyboard; name = Base; path = Base.lproj/LaunchScreen.storyboard; sourceTree = "<group>"; };
		654ED9A22321013600515C4C /* Info.plist */ = {isa = PBXFileReference; lastKnownFileType = text.plist.xml; path = Info.plist; sourceTree = "<group>"; };
		6552136923867E60000176D9 /* ImageExtension.swift */ = {isa = PBXFileReference; lastKnownFileType = sourcecode.swift; path = ImageExtension.swift; sourceTree = "<group>"; };
		6552136E238E62C9000176D9 /* input.xcfilelist */ = {isa = PBXFileReference; lastKnownFileType = text.xcfilelist; path = input.xcfilelist; sourceTree = "<group>"; };
		65521370238E62EC000176D9 /* output.xcfilelist */ = {isa = PBXFileReference; lastKnownFileType = text.xcfilelist; path = output.xcfilelist; sourceTree = "<group>"; };
		657A268723C4A7B500D2FAC4 /* EntityViewController.swift */ = {isa = PBXFileReference; lastKnownFileType = sourcecode.swift; path = EntityViewController.swift; sourceTree = "<group>"; };
/* End PBXFileReference section */

/* Begin PBXFrameworksBuildPhase section */
		654ED9902321013500515C4C /* Frameworks */ = {
			isa = PBXFrameworksBuildPhase;
			buildActionMask = 2147483647;
			files = (
				65276BDD23C604DE002C1D0A /* VejdirektoratetSDK in Frameworks */,
			);
			runOnlyForDeploymentPostprocessing = 0;
		};
/* End PBXFrameworksBuildPhase section */

/* Begin PBXGroup section */
		654ED98A2321013500515C4C = {
			isa = PBXGroup;
			children = (
				654ED9952321013500515C4C /* Examples */,
				654ED9942321013500515C4C /* Products */,
				F1C3B3317D671FA3A2A41E76 /* Frameworks */,
			);
			sourceTree = "<group>";
		};
		654ED9942321013500515C4C /* Products */ = {
			isa = PBXGroup;
			children = (
				654ED9932321013500515C4C /* Examples.app */,
			);
			name = Products;
			sourceTree = "<group>";
		};
		654ED9952321013500515C4C /* Examples */ = {
			isa = PBXGroup;
			children = (
				654ED9962321013500515C4C /* AppDelegate.swift */,
				654ED9982321013500515C4C /* MapViewController.swift */,
				657A268723C4A7B500D2FAC4 /* EntityViewController.swift */,
				6552136923867E60000176D9 /* ImageExtension.swift */,
				654ED99A2321013500515C4C /* Main.storyboard */,
				654ED99D2321013600515C4C /* Assets.xcassets */,
				654ED99F2321013600515C4C /* LaunchScreen.storyboard */,
				654ED9A22321013600515C4C /* Info.plist */,
				6552136E238E62C9000176D9 /* input.xcfilelist */,
				65521370238E62EC000176D9 /* output.xcfilelist */,
			);
			path = Examples;
			sourceTree = "<group>";
		};
		F1C3B3317D671FA3A2A41E76 /* Frameworks */ = {
			isa = PBXGroup;
			children = (
			);
			name = Frameworks;
			sourceTree = "<group>";
		};
/* End PBXGroup section */

/* Begin PBXNativeTarget section */
		654ED9922321013500515C4C /* Examples */ = {
			isa = PBXNativeTarget;
			buildConfigurationList = 654ED9A52321013600515C4C /* Build configuration list for PBXNativeTarget "Examples" */;
			buildPhases = (
				654ED98F2321013500515C4C /* Sources */,
				654ED9902321013500515C4C /* Frameworks */,
				654ED9912321013500515C4C /* Resources */,
			);
			buildRules = (
			);
			dependencies = (
			);
			name = Examples;
			packageProductDependencies = (
				65276BDC23C604DE002C1D0A /* VejdirektoratetSDK */,
			);
			productName = Examples;
			productReference = 654ED9932321013500515C4C /* Examples.app */;
			productType = "com.apple.product-type.application";
		};
/* End PBXNativeTarget section */

/* Begin PBXProject section */
		654ED98B2321013500515C4C /* Project object */ = {
			isa = PBXProject;
			attributes = {
				LastSwiftUpdateCheck = 1030;
				LastUpgradeCheck = 1030;
				ORGANIZATIONNAME = Vejdirektoratet;
				TargetAttributes = {
					654ED9922321013500515C4C = {
						CreatedOnToolsVersion = 10.3;
					};
				};
			};
			buildConfigurationList = 654ED98E2321013500515C4C /* Build configuration list for PBXProject "Examples" */;
			compatibilityVersion = "Xcode 9.3";
			developmentRegion = en;
			hasScannedForEncodings = 0;
			knownRegions = (
				en,
				Base,
			);
			mainGroup = 654ED98A2321013500515C4C;
			packageReferences = (
				65276BDB23C604DE002C1D0A /* XCRemoteSwiftPackageReference "sdk-ios" */,
			);
			productRefGroup = 654ED9942321013500515C4C /* Products */;
			projectDirPath = "";
			projectRoot = "";
			targets = (
				654ED9922321013500515C4C /* Examples */,
			);
		};
/* End PBXProject section */

/* Begin PBXResourcesBuildPhase section */
		654ED9912321013500515C4C /* Resources */ = {
			isa = PBXResourcesBuildPhase;
			buildActionMask = 2147483647;
			files = (
				654ED9A12321013600515C4C /* LaunchScreen.storyboard in Resources */,
				65521371238E62EC000176D9 /* output.xcfilelist in Resources */,
				6552136F238E62C9000176D9 /* input.xcfilelist in Resources */,
				654ED99E2321013600515C4C /* Assets.xcassets in Resources */,
				654ED99C2321013500515C4C /* Main.storyboard in Resources */,
			);
			runOnlyForDeploymentPostprocessing = 0;
		};
/* End PBXResourcesBuildPhase section */

/* Begin PBXSourcesBuildPhase section */
		654ED98F2321013500515C4C /* Sources */ = {
			isa = PBXSourcesBuildPhase;
			buildActionMask = 2147483647;
			files = (
				654ED9992321013500515C4C /* MapViewController.swift in Sources */,
				657A268823C4A7B500D2FAC4 /* EntityViewController.swift in Sources */,
				6552136A23867E60000176D9 /* ImageExtension.swift in Sources */,
				654ED9972321013500515C4C /* AppDelegate.swift in Sources */,
			);
			runOnlyForDeploymentPostprocessing = 0;
		};
/* End PBXSourcesBuildPhase section */

/* Begin PBXVariantGroup section */
		654ED99A2321013500515C4C /* Main.storyboard */ = {
			isa = PBXVariantGroup;
			children = (
				654ED99B2321013500515C4C /* Base */,
			);
			name = Main.storyboard;
			sourceTree = "<group>";
		};
		654ED99F2321013600515C4C /* LaunchScreen.storyboard */ = {
			isa = PBXVariantGroup;
			children = (
				654ED9A02321013600515C4C /* Base */,
			);
			name = LaunchScreen.storyboard;
			sourceTree = "<group>";
		};
/* End PBXVariantGroup section */

/* Begin XCBuildConfiguration section */
		654ED9A32321013600515C4C /* Debug */ = {
			isa = XCBuildConfiguration;
			buildSettings = {
				ALWAYS_SEARCH_USER_PATHS = NO;
				CLANG_ANALYZER_NONNULL = YES;
				CLANG_ANALYZER_NUMBER_OBJECT_CONVERSION = YES_AGGRESSIVE;
				CLANG_CXX_LANGUAGE_STANDARD = "gnu++14";
				CLANG_CXX_LIBRARY = "libc++";
				CLANG_ENABLE_MODULES = YES;
				CLANG_ENABLE_OBJC_ARC = YES;
				CLANG_ENABLE_OBJC_WEAK = YES;
				CLANG_WARN_BLOCK_CAPTURE_AUTORELEASING = YES;
				CLANG_WARN_BOOL_CONVERSION = YES;
				CLANG_WARN_COMMA = YES;
				CLANG_WARN_CONSTANT_CONVERSION = YES;
				CLANG_WARN_DEPRECATED_OBJC_IMPLEMENTATIONS = YES;
				CLANG_WARN_DIRECT_OBJC_ISA_USAGE = YES_ERROR;
				CLANG_WARN_DOCUMENTATION_COMMENTS = YES;
				CLANG_WARN_EMPTY_BODY = YES;
				CLANG_WARN_ENUM_CONVERSION = YES;
				CLANG_WARN_INFINITE_RECURSION = YES;
				CLANG_WARN_INT_CONVERSION = YES;
				CLANG_WARN_NON_LITERAL_NULL_CONVERSION = YES;
				CLANG_WARN_OBJC_IMPLICIT_RETAIN_SELF = YES;
				CLANG_WARN_OBJC_LITERAL_CONVERSION = YES;
				CLANG_WARN_OBJC_ROOT_CLASS = YES_ERROR;
				CLANG_WARN_RANGE_LOOP_ANALYSIS = YES;
				CLANG_WARN_STRICT_PROTOTYPES = YES;
				CLANG_WARN_SUSPICIOUS_MOVE = YES;
				CLANG_WARN_UNGUARDED_AVAILABILITY = YES_AGGRESSIVE;
				CLANG_WARN_UNREACHABLE_CODE = YES;
				CLANG_WARN__DUPLICATE_METHOD_MATCH = YES;
				CODE_SIGN_IDENTITY = "iPhone Developer";
				COPY_PHASE_STRIP = NO;
				DEBUG_INFORMATION_FORMAT = dwarf;
				ENABLE_STRICT_OBJC_MSGSEND = YES;
				ENABLE_TESTABILITY = YES;
				GCC_C_LANGUAGE_STANDARD = gnu11;
				GCC_DYNAMIC_NO_PIC = NO;
				GCC_NO_COMMON_BLOCKS = YES;
				GCC_OPTIMIZATION_LEVEL = 0;
				GCC_PREPROCESSOR_DEFINITIONS = (
					"DEBUG=1",
					"$(inherited)",
				);
				GCC_WARN_64_TO_32_BIT_CONVERSION = YES;
				GCC_WARN_ABOUT_RETURN_TYPE = YES_ERROR;
				GCC_WARN_UNDECLARED_SELECTOR = YES;
				GCC_WARN_UNINITIALIZED_AUTOS = YES_AGGRESSIVE;
				GCC_WARN_UNUSED_FUNCTION = YES;
				GCC_WARN_UNUSED_VARIABLE = YES;
				IPHONEOS_DEPLOYMENT_TARGET = 12.4;
				MTL_ENABLE_DEBUG_INFO = INCLUDE_SOURCE;
				MTL_FAST_MATH = YES;
				ONLY_ACTIVE_ARCH = YES;
				SDKROOT = iphoneos;
				SWIFT_ACTIVE_COMPILATION_CONDITIONS = DEBUG;
				SWIFT_OPTIMIZATION_LEVEL = "-Onone";
			};
			name = Debug;
		};
		654ED9A42321013600515C4C /* Release */ = {
			isa = XCBuildConfiguration;
			buildSettings = {
				ALWAYS_SEARCH_USER_PATHS = NO;
				CLANG_ANALYZER_NONNULL = YES;
				CLANG_ANALYZER_NUMBER_OBJECT_CONVERSION = YES_AGGRESSIVE;
				CLANG_CXX_LANGUAGE_STANDARD = "gnu++14";
				CLANG_CXX_LIBRARY = "libc++";
				CLANG_ENABLE_MODULES = YES;
				CLANG_ENABLE_OBJC_ARC = YES;
				CLANG_ENABLE_OBJC_WEAK = YES;
				CLANG_WARN_BLOCK_CAPTURE_AUTORELEASING = YES;
				CLANG_WARN_BOOL_CONVERSION = YES;
				CLANG_WARN_COMMA = YES;
				CLANG_WARN_CONSTANT_CONVERSION = YES;
				CLANG_WARN_DEPRECATED_OBJC_IMPLEMENTATIONS = YES;
				CLANG_WARN_DIRECT_OBJC_ISA_USAGE = YES_ERROR;
				CLANG_WARN_DOCUMENTATION_COMMENTS = YES;
				CLANG_WARN_EMPTY_BODY = YES;
				CLANG_WARN_ENUM_CONVERSION = YES;
				CLANG_WARN_INFINITE_RECURSION = YES;
				CLANG_WARN_INT_CONVERSION = YES;
				CLANG_WARN_NON_LITERAL_NULL_CONVERSION = YES;
				CLANG_WARN_OBJC_IMPLICIT_RETAIN_SELF = YES;
				CLANG_WARN_OBJC_LITERAL_CONVERSION = YES;
				CLANG_WARN_OBJC_ROOT_CLASS = YES_ERROR;
				CLANG_WARN_RANGE_LOOP_ANALYSIS = YES;
				CLANG_WARN_STRICT_PROTOTYPES = YES;
				CLANG_WARN_SUSPICIOUS_MOVE = YES;
				CLANG_WARN_UNGUARDED_AVAILABILITY = YES_AGGRESSIVE;
				CLANG_WARN_UNREACHABLE_CODE = YES;
				CLANG_WARN__DUPLICATE_METHOD_MATCH = YES;
				CODE_SIGN_IDENTITY = "iPhone Developer";
				COPY_PHASE_STRIP = NO;
				DEBUG_INFORMATION_FORMAT = "dwarf-with-dsym";
				ENABLE_NS_ASSERTIONS = NO;
				ENABLE_STRICT_OBJC_MSGSEND = YES;
				GCC_C_LANGUAGE_STANDARD = gnu11;
				GCC_NO_COMMON_BLOCKS = YES;
				GCC_WARN_64_TO_32_BIT_CONVERSION = YES;
				GCC_WARN_ABOUT_RETURN_TYPE = YES_ERROR;
				GCC_WARN_UNDECLARED_SELECTOR = YES;
				GCC_WARN_UNINITIALIZED_AUTOS = YES_AGGRESSIVE;
				GCC_WARN_UNUSED_FUNCTION = YES;
				GCC_WARN_UNUSED_VARIABLE = YES;
				IPHONEOS_DEPLOYMENT_TARGET = 12.4;
				MTL_ENABLE_DEBUG_INFO = NO;
				MTL_FAST_MATH = YES;
				SDKROOT = iphoneos;
				SWIFT_COMPILATION_MODE = wholemodule;
				SWIFT_OPTIMIZATION_LEVEL = "-O";
				VALIDATE_PRODUCT = YES;
			};
			name = Release;
		};
		654ED9A62321013600515C4C /* Debug */ = {
			isa = XCBuildConfiguration;
			buildSettings = {
				ASSETCATALOG_COMPILER_APPICON_NAME = AppIcon;
				BUILD_LIBRARY_FOR_DISTRIBUTION = NO;
				CODE_SIGN_IDENTITY = "Apple Development";
				CODE_SIGN_STYLE = Automatic;
				DEVELOPMENT_TEAM = 8BB5CXQN82;
				FRAMEWORK_SEARCH_PATHS = "$(inherited)";
				INFOPLIST_FILE = Examples/Info.plist;
				LD_RUNPATH_SEARCH_PATHS = (
					"$(inherited)",
					"@executable_path/Frameworks",
				);
				PRODUCT_BUNDLE_IDENTIFIER = dk.vejdirektoratet.ios.Examples;
				PRODUCT_NAME = "$(TARGET_NAME)";
				PROVISIONING_PROFILE_SPECIFIER = "";
				SWIFT_VERSION = 5.0;
				TARGETED_DEVICE_FAMILY = "1,2";
			};
			name = Debug;
		};
		654ED9A72321013600515C4C /* Release */ = {
			isa = XCBuildConfiguration;
			buildSettings = {
				ASSETCATALOG_COMPILER_APPICON_NAME = AppIcon;
				BUILD_LIBRARY_FOR_DISTRIBUTION = NO;
				CODE_SIGN_IDENTITY = "Apple Development";
				CODE_SIGN_STYLE = Automatic;
				DEVELOPMENT_TEAM = 8BB5CXQN82;
				FRAMEWORK_SEARCH_PATHS = "$(inherited)";
				INFOPLIST_FILE = Examples/Info.plist;
				LD_RUNPATH_SEARCH_PATHS = (
					"$(inherited)",
					"@executable_path/Frameworks",
				);
				PRODUCT_BUNDLE_IDENTIFIER = dk.vejdirektoratet.ios.Examples;
				PRODUCT_NAME = "$(TARGET_NAME)";
				PROVISIONING_PROFILE_SPECIFIER = "";
				SWIFT_VERSION = 5.0;
				TARGETED_DEVICE_FAMILY = "1,2";
			};
			name = Release;
		};
/* End XCBuildConfiguration section */

/* Begin XCConfigurationList section */
		654ED98E2321013500515C4C /* Build configuration list for PBXProject "Examples" */ = {
			isa = XCConfigurationList;
			buildConfigurations = (
				654ED9A32321013600515C4C /* Debug */,
				654ED9A42321013600515C4C /* Release */,
			);
			defaultConfigurationIsVisible = 0;
			defaultConfigurationName = Release;
		};
		654ED9A52321013600515C4C /* Build configuration list for PBXNativeTarget "Examples" */ = {
			isa = XCConfigurationList;
			buildConfigurations = (
				654ED9A62321013600515C4C /* Debug */,
				654ED9A72321013600515C4C /* Release */,
			);
			defaultConfigurationIsVisible = 0;
			defaultConfigurationName = Release;
		};
/* End XCConfigurationList section */

/* Begin XCRemoteSwiftPackageReference section */
		65276BDB23C604DE002C1D0A /* XCRemoteSwiftPackageReference "sdk-ios" */ = {
			isa = XCRemoteSwiftPackageReference;
			repositoryURL = "https://github.com/Vejdirektoratet/sdk-ios";
			requirement = {
				branch = master;
				kind = branch;
			};
		};
/* End XCRemoteSwiftPackageReference section */

/* Begin XCSwiftPackageProductDependency section */
		65276BDC23C604DE002C1D0A /* VejdirektoratetSDK */ = {
			isa = XCSwiftPackageProductDependency;
			package = 65276BDB23C604DE002C1D0A /* XCRemoteSwiftPackageReference "sdk-ios" */;
			productName = VejdirektoratetSDK;
		};
/* End XCSwiftPackageProductDependency section */
	};
	rootObject = 654ED98B2321013500515C4C /* Project object */;
}
