{
  "object": {
    "pins": [
      {
        "package": "Alamofire",
        "repositoryURL": "https://github.com/Alamofire/Alamofire.git",
        "state": {
          "branch": null,
          "revision": "fca036f7aeca07124067cb6e0c12b0ad6359e3d4",
          "version": "5.1.0"
        }
      },
      {
        "package": "Hippolyte",
        "repositoryURL": "https://github.com/JanGorman/Hippolyte.git",
        "state": {
          "branch": null,
          "revision": "a71850d5f937bcc7b01f1ddc008c4d746da28b45",
          "version": "1.2.1"
        }
      },
      {
        "package": "VejdirektoratetSDK",
        "repositoryURL": "https://github.com/Vejdirektoratet/sdk-ios",
        "state": {
          "branch": "master",
          "revision": "a83879a30591146445d0c3bccdc247c6997cec1f",
          "version": null
        }
      }
    ]
  },
  "version": 1
}
